
Microsoft Visual Studio Solution File, Format Version 12.00
# Visual Studio Version 16
VisualStudioVersion = 16.0.30523.141
MinimumVisualStudioVersion = 10.0.40219.1
Project("{FAE04EC0-301F-11D3-BF4B-00C04F79EFBC}") = "EmployeePayrollService", "EmployeePayrollService\EmployeePayrollService.csproj", "{2BDA1651-C934-4123-BF2D-0A29398C61CF}"
EndProject
Global
	GlobalSection(SolutionConfigurationPlatforms) = preSolution
		Debug|Any CPU = Debug|Any CPU
		Release|Any CPU = Release|Any CPU
	EndGlobalSection
	GlobalSection(ProjectConfigurationPlatforms) = postSolution
		{2BDA1651-C934-4123-BF2D-0A29398C61CF}.Debug|Any CPU.ActiveCfg = Debug|Any CPU
		{2BDA1651-C934-4123-BF2D-0A29398C61CF}.Debug|Any CPU.Build.0 = Debug|Any CPU
		{2BDA1651-C934-4123-BF2D-0A29398C61CF}.Release|Any CPU.ActiveCfg = Release|Any CPU
		{2BDA1651-C934-4123-BF2D-0A29398C61CF}.Release|Any CPU.Build.0 = Release|Any CPU
	EndGlobalSection
	GlobalSection(SolutionProperties) = preSolution
		HideSolutionNode = FALSE
	EndGlobalSection
	GlobalSection(ExtensibilityGlobals) = postSolution
		SolutionGuid = {887AA840-D092-4FDE-A03D-B828ABFEF9A7}
	EndGlobalSection
EndGlobal
